
Microsoft Visual Studio Solution File, Format Version 12.00
# Visual Studio Version 17
VisualStudioVersion = 17.11.35222.181
MinimumVisualStudioVersion = 10.0.40219.1
Project("{FAE04EC0-301F-11D3-BF4B-00C04F79EFBC}") = "MauiAppTask1", "MauiAppTask1.csproj", "{9F57F2B5-4AE4-4664-85A0-4E20BD979634}"
EndProject
Global
	GlobalSection(SolutionConfigurationPlatforms) = preSolution
		Debug|Any CPU = Debug|Any CPU
		Release|Any CPU = Release|Any CPU
	EndGlobalSection
	GlobalSection(ProjectConfigurationPlatforms) = postSolution
		{9F57F2B5-4AE4-4664-85A0-4E20BD979634}.Debug|Any CPU.ActiveCfg = Debug|Any CPU
		{9F57F2B5-4AE4-4664-85A0-4E20BD979634}.Debug|Any CPU.Build.0 = Debug|Any CPU
		{9F57F2B5-4AE4-4664-85A0-4E20BD979634}.Debug|Any CPU.Deploy.0 = Debug|Any CPU
		{9F57F2B5-4AE4-4664-85A0-4E20BD979634}.Release|Any CPU.ActiveCfg = Release|Any CPU
		{9F57F2B5-4AE4-4664-85A0-4E20BD979634}.Release|Any CPU.Build.0 = Release|Any CPU
		{9F57F2B5-4AE4-4664-85A0-4E20BD979634}.Release|Any CPU.Deploy.0 = Release|Any CPU
	EndGlobalSection
	GlobalSection(SolutionProperties) = preSolution
		HideSolutionNode = FALSE
	EndGlobalSection
	GlobalSection(ExtensibilityGlobals) = postSolution
		SolutionGuid = {0527D464-CF7B-4CA8-A664-933C849F2187}
	EndGlobalSection
EndGlobal
